
Microsoft Visual Studio Solution File, Format Version 12.00
# Visual Studio Version 16
VisualStudioVersion = 16.0.32510.428
MinimumVisualStudioVersion = 10.0.40219.1
Project("{FAE04EC0-301F-11D3-BF4B-00C04F79EFBC}") = "P13306092022ClassWork", "P13306092022ClassWork\P13306092022ClassWork.csproj", "{1571A7FA-5CC1-4E8B-8799-E357FF623C47}"
EndProject
Global
	GlobalSection(SolutionConfigurationPlatforms) = preSolution
		Debug|Any CPU = Debug|Any CPU
		Release|Any CPU = Release|Any CPU
	EndGlobalSection
	GlobalSection(ProjectConfigurationPlatforms) = postSolution
		{1571A7FA-5CC1-4E8B-8799-E357FF623C47}.Debug|Any CPU.ActiveCfg = Debug|Any CPU
		{1571A7FA-5CC1-4E8B-8799-E357FF623C47}.Debug|Any CPU.Build.0 = Debug|Any CPU
		{1571A7FA-5CC1-4E8B-8799-E357FF623C47}.Release|Any CPU.ActiveCfg = Release|Any CPU
		{1571A7FA-5CC1-4E8B-8799-E357FF623C47}.Release|Any CPU.Build.0 = Release|Any CPU
	EndGlobalSection
	GlobalSection(SolutionProperties) = preSolution
		HideSolutionNode = FALSE
	EndGlobalSection
	GlobalSection(ExtensibilityGlobals) = postSolution
		SolutionGuid = {F760EE3E-2459-41BE-B2DD-6269EC0071B9}
	EndGlobalSection
EndGlobal
